
Microsoft Visual Studio Solution File, Format Version 12.00
# Visual Studio 15
VisualStudioVersion = 15.0.26730.8
MinimumVisualStudioVersion = 10.0.40219.1
Project("{FAE04EC0-301F-11D3-BF4B-00C04F79EFBC}") = "VendingMachine", "VendingMachine\VendingMachine.csproj", "{F4D23E30-5BA6-414A-B040-EE57FF062371}"
EndProject
Project("{FAE04EC0-301F-11D3-BF4B-00C04F79EFBC}") = "BeverageMachine", "C:\Users\Pooja\source\repos\ConsoleApp2\ConsoleApp2\BeverageMachine.csproj", "{F18A726C-BBA3-4E88-8C52-CE6C12933D01}"
EndProject
Project("{FAE04EC0-301F-11D3-BF4B-00C04F79EFBC}") = "Vidly", "C:\Users\Pooja\source\repos\Vidly\Vidly\Vidly.csproj", "{67E0D0AF-C576-43AB-9D7A-CABBBDA3023A}"
EndProject
Global
	GlobalSection(SolutionConfigurationPlatforms) = preSolution
		Debug|Any CPU = Debug|Any CPU
		Release|Any CPU = Release|Any CPU
	EndGlobalSection
	GlobalSection(ProjectConfigurationPlatforms) = postSolution
		{F4D23E30-5BA6-414A-B040-EE57FF062371}.Debug|Any CPU.ActiveCfg = Debug|Any CPU
		{F4D23E30-5BA6-414A-B040-EE57FF062371}.Debug|Any CPU.Build.0 = Debug|Any CPU
		{F4D23E30-5BA6-414A-B040-EE57FF062371}.Release|Any CPU.ActiveCfg = Release|Any CPU
		{F4D23E30-5BA6-414A-B040-EE57FF062371}.Release|Any CPU.Build.0 = Release|Any CPU
		{F18A726C-BBA3-4E88-8C52-CE6C12933D01}.Debug|Any CPU.ActiveCfg = Debug|Any CPU
		{F18A726C-BBA3-4E88-8C52-CE6C12933D01}.Debug|Any CPU.Build.0 = Debug|Any CPU
		{F18A726C-BBA3-4E88-8C52-CE6C12933D01}.Release|Any CPU.ActiveCfg = Release|Any CPU
		{F18A726C-BBA3-4E88-8C52-CE6C12933D01}.Release|Any CPU.Build.0 = Release|Any CPU
		{67E0D0AF-C576-43AB-9D7A-CABBBDA3023A}.Debug|Any CPU.ActiveCfg = Debug|Any CPU
		{67E0D0AF-C576-43AB-9D7A-CABBBDA3023A}.Debug|Any CPU.Build.0 = Debug|Any CPU
		{67E0D0AF-C576-43AB-9D7A-CABBBDA3023A}.Release|Any CPU.ActiveCfg = Release|Any CPU
		{67E0D0AF-C576-43AB-9D7A-CABBBDA3023A}.Release|Any CPU.Build.0 = Release|Any CPU
	EndGlobalSection
	GlobalSection(SolutionProperties) = preSolution
		HideSolutionNode = FALSE
	EndGlobalSection
	GlobalSection(ExtensibilityGlobals) = postSolution
		SolutionGuid = {0424B617-F64D-4D94-AC32-8C5FEC187A3F}
	EndGlobalSection
EndGlobal
